// !$*UTF8*$!
{
	archiveVersion = 1;
	classes = {
	};
	objectVersion = 60;
	objects = {

/* Begin PBXBuildFile section */
		AA1000010000000000000001 /* BremBridgeViewController.swift in Sources */ = {isa = PBXBuildFile; fileRef = AA2000010000000000000001 /* BremBridgeViewController.swift */; };
		AA1000020000000000000002 /* WidgetSyncPlugin.swift in Sources */ = {isa = PBXBuildFile; fileRef = AA2000020000000000000002 /* WidgetSyncPlugin.swift */; };
		AA1000030000000000000003 /* BremLogicWidgetShared.swift in Sources */ = {isa = PBXBuildFile; fileRef = AA2000030000000000000003 /* BremLogicWidgetShared.swift */; };
		AA1000040000000000000004 /* BremLogicWidget.appex in Embed App Extensions */ = {isa = PBXBuildFile; fileRef = AA2000040000000000000004 /* BremLogicWidget.appex */; settings = {ATTRIBUTES = (RemoveHeadersOnCopy, CodeSignOnCopy, ); }; };
		AA1000050000000000000005 /* BremLogicWidget.swift in Sources */ = {isa = PBXBuildFile; fileRef = AA2000050000000000000005 /* BremLogicWidget.swift */; };
		AA1000060000000000000006 /* BremLogicWidgetBundle.swift in Sources */ = {isa = PBXBuildFile; fileRef = AA2000060000000000000006 /* BremLogicWidgetBundle.swift */; };
		AA1000070000000000000007 /* BremLogicWidgetShared.swift in Sources */ = {isa = PBXBuildFile; fileRef = AA2000030000000000000003 /* BremLogicWidgetShared.swift */; };
		AA1000080000000000000008 /* BremLogicLogo.png in Resources */ = {isa = PBXBuildFile; fileRef = AA2000090000000000000009 /* BremLogicLogo.png */; };
		AA1000090000000000000010 /* BremLogicWidgetRefreshIntent.swift in Sources */ = {isa = PBXBuildFile; fileRef = AA2000100000000000000010 /* BremLogicWidgetRefreshIntent.swift */; };
		AB1000010000000000000001 /* BremLogicWatchApp.swift in Sources */ = {isa = PBXBuildFile; fileRef = AB2000030000000000000003 /* BremLogicWatchApp.swift */; };
		AB1000020000000000000002 /* BremLogicWatchContentView.swift in Sources */ = {isa = PBXBuildFile; fileRef = AB2000040000000000000004 /* BremLogicWatchContentView.swift */; };
		AB1000030000000000000003 /* BremLogicWatchSnapshot.swift in Watch App Sources */ = {isa = PBXBuildFile; fileRef = AB2000070000000000000007 /* BremLogicWatchSnapshot.swift */; };
		AB1000040000000000000004 /* BremLogicWatchWidgetBundle.swift in Sources */ = {isa = PBXBuildFile; fileRef = AB2000050000000000000005 /* BremLogicWatchWidgetBundle.swift */; };
		AB1000050000000000000005 /* BremLogicWatchWidget.swift in Sources */ = {isa = PBXBuildFile; fileRef = AB2000060000000000000006 /* BremLogicWatchWidget.swift */; };
		AB1000060000000000000006 /* BremLogicWatchSnapshot.swift in Widget Sources */ = {isa = PBXBuildFile; fileRef = AB2000070000000000000007 /* BremLogicWatchSnapshot.swift */; };
		AB1000070000000000000007 /* BremLogicWatchWidget.appex in Embed App Extensions */ = {isa = PBXBuildFile; fileRef = AB2000020000000000000002 /* BremLogicWatchWidget.appex */; settings = {ATTRIBUTES = (RemoveHeadersOnCopy, CodeSignOnCopy, ); }; };
		AB1000080000000000000008 /* BremLogicWatch.app in Embed Watch Content */ = {isa = PBXBuildFile; fileRef = AB2000010000000000000001 /* BremLogicWatch.app */; settings = {ATTRIBUTES = (RemoveHeadersOnCopy, CodeSignOnCopy, ); }; };
		AB1000090000000000000009 /* Assets.xcassets in Watch Resources */ = {isa = PBXBuildFile; fileRef = AB2000090000000000000009 /* Assets.xcassets */; };
		AB1000100000000000000010 /* BremLogicLogo.png in Watch Resources */ = {isa = PBXBuildFile; fileRef = AA2000090000000000000009 /* BremLogicLogo.png */; };
		AB1000110000000000000011 /* BremLogicLogo.png in Watch Widget Resources */ = {isa = PBXBuildFile; fileRef = AA2000090000000000000009 /* BremLogicLogo.png */; };
		AC1000010000000000000001 /* BremLogicMacApp.swift in Sources */ = {isa = PBXBuildFile; fileRef = AC2000020000000000000002 /* BremLogicMacApp.swift */; };
		AC1000020000000000000002 /* BremLogicMacContentView.swift in Sources */ = {isa = PBXBuildFile; fileRef = AC2000030000000000000003 /* BremLogicMacContentView.swift */; };
		AC1000030000000000000003 /* BremLogicMacWebView.swift in Sources */ = {isa = PBXBuildFile; fileRef = AC2000040000000000000004 /* BremLogicMacWebView.swift */; };
		AC1000040000000000000004 /* Assets.xcassets in Resources */ = {isa = PBXBuildFile; fileRef = AC2000060000000000000006 /* Assets.xcassets */; };
		AD1000010000000000000001 /* BremLogicMacWidget.swift in Sources */ = {isa = PBXBuildFile; fileRef = AD2000020000000000000002 /* BremLogicMacWidget.swift */; };
		AD1000020000000000000002 /* BremLogicMacWidgetBundle.swift in Sources */ = {isa = PBXBuildFile; fileRef = AD2000030000000000000003 /* BremLogicMacWidgetBundle.swift */; };
		AD1000030000000000000003 /* BremLogicWidgetShared.swift in Mac Widget Sources */ = {isa = PBXBuildFile; fileRef = AA2000030000000000000003 /* BremLogicWidgetShared.swift */; };
		AD1000040000000000000004 /* BremLogicMacWidgetRefreshIntent.swift in Sources */ = {isa = PBXBuildFile; fileRef = AD2000040000000000000004 /* BremLogicMacWidgetRefreshIntent.swift */; };
		AD1000050000000000000005 /* BremLogicLogo.png in Mac Widget Resources */ = {isa = PBXBuildFile; fileRef = AA2000090000000000000009 /* BremLogicLogo.png */; };
		AD1000060000000000000006 /* BremLogicMacWidget.appex in Embed App Extensions */ = {isa = PBXBuildFile; fileRef = AD2000010000000000000001 /* BremLogicMacWidget.appex */; settings = {ATTRIBUTES = (RemoveHeadersOnCopy, CodeSignOnCopy, ); }; };
		2FAD9763203C412B000D30F8 /* config.xml in Resources */ = {isa = PBXBuildFile; fileRef = 2FAD9762203C412B000D30F8 /* config.xml */; };
		4D22ABE92AF431CB00220026 /* CapApp-SPM in Frameworks */ = {isa = PBXBuildFile; productRef = 4D22ABE82AF431CB00220026 /* CapApp-SPM */; };
		4D22ABEA2AF431CB00220026 /* brem_approval.wav in Resources */ = {isa = PBXBuildFile; fileRef = 4D22ABEF2AF431CB00220026 /* brem_approval.wav */; };
		4D22ABEB2AF431CB00220026 /* brem_open.wav in Resources */ = {isa = PBXBuildFile; fileRef = 4D22ABF02AF431CB00220026 /* brem_open.wav */; };
		4D22ABEC2AF431CB00220026 /* brem_signal.wav in Resources */ = {isa = PBXBuildFile; fileRef = 4D22ABF12AF431CB00220026 /* brem_signal.wav */; };
		4D22ABED2AF431CB00220026 /* brem_sl.wav in Resources */ = {isa = PBXBuildFile; fileRef = 4D22ABF22AF431CB00220026 /* brem_sl.wav */; };
		4D22ABEE2AF431CB00220026 /* brem_tp.wav in Resources */ = {isa = PBXBuildFile; fileRef = 4D22ABF32AF431CB00220026 /* brem_tp.wav */; };
		50379B232058CBB4000EE86E /* capacitor.config.json in Resources */ = {isa = PBXBuildFile; fileRef = 50379B222058CBB4000EE86E /* capacitor.config.json */; };
		B1E95A120000000000000001 /* PrivacyInfo.xcprivacy in Resources */ = {isa = PBXBuildFile; fileRef = B1E95A120000000000000002 /* PrivacyInfo.xcprivacy */; };
		504EC3081FED79650016851F /* AppDelegate.swift in Sources */ = {isa = PBXBuildFile; fileRef = 504EC3071FED79650016851F /* AppDelegate.swift */; };
		504EC30D1FED79650016851F /* Main.storyboard in Resources */ = {isa = PBXBuildFile; fileRef = 504EC30B1FED79650016851F /* Main.storyboard */; };
		504EC30F1FED79650016851F /* Assets.xcassets in Resources */ = {isa = PBXBuildFile; fileRef = 504EC30E1FED79650016851F /* Assets.xcassets */; };
		504EC3121FED79650016851F /* LaunchScreen.storyboard in Resources */ = {isa = PBXBuildFile; fileRef = 504EC3101FED79650016851F /* LaunchScreen.storyboard */; };
		50B271D11FEDC1A000F3C39B /* public in Resources */ = {isa = PBXBuildFile; fileRef = 50B271D01FEDC1A000F3C39B /* public */; };
/* End PBXBuildFile section */

/* Begin PBXContainerItemProxy section */
		AA7000010000000000000001 /* PBXContainerItemProxy */ = {
			isa = PBXContainerItemProxy;
			containerPortal = 504EC2FC1FED79650016851F /* Project object */;
			proxyType = 1;
			remoteGlobalIDString = AA5000010000000000000001;
			remoteInfo = BremLogicWidgetExtension;
		};
		AB7000010000000000000001 /* PBXContainerItemProxy */ = {
			isa = PBXContainerItemProxy;
			containerPortal = 504EC2FC1FED79650016851F /* Project object */;
			proxyType = 1;
			remoteGlobalIDString = AB5000010000000000000001;
			remoteInfo = BremLogicWatch;
		};
		AB7000020000000000000002 /* PBXContainerItemProxy */ = {
			isa = PBXContainerItemProxy;
			containerPortal = 504EC2FC1FED79650016851F /* Project object */;
			proxyType = 1;
			remoteGlobalIDString = AB5000020000000000000002;
			remoteInfo = BremLogicWatchWidgetExtension;
		};
		AD7000010000000000000001 /* PBXContainerItemProxy */ = {
			isa = PBXContainerItemProxy;
			containerPortal = 504EC2FC1FED79650016851F /* Project object */;
			proxyType = 1;
			remoteGlobalIDString = AD5000010000000000000001;
			remoteInfo = BremLogicMacWidgetExtension;
		};
/* End PBXContainerItemProxy section */

/* Begin PBXCopyFilesBuildPhase section */
		AA3000010000000000000001 /* Embed App Extensions */ = {
			isa = PBXCopyFilesBuildPhase;
			buildActionMask = 2147483647;
			dstPath = "";
			dstSubfolderSpec = 13;
			files = (
				AA1000040000000000000004 /* BremLogicWidget.appex in Embed App Extensions */,
			);
			name = "Embed App Extensions";
			runOnlyForDeploymentPostprocessing = 0;
		};
		AB3000040000000000000004 /* Embed App Extensions */ = {
			isa = PBXCopyFilesBuildPhase;
			buildActionMask = 2147483647;
			dstPath = "";
			dstSubfolderSpec = 13;
			files = (
				AB1000070000000000000007 /* BremLogicWatchWidget.appex in Embed App Extensions */,
			);
			name = "Embed App Extensions";
			runOnlyForDeploymentPostprocessing = 0;
		};
		AB3000080000000000000008 /* Embed Watch Content */ = {
			isa = PBXCopyFilesBuildPhase;
			buildActionMask = 2147483647;
			dstPath = "$(CONTENTS_FOLDER_PATH)/Watch";
			dstSubfolderSpec = 16;
			files = (
				AB1000080000000000000008 /* BremLogicWatch.app in Embed Watch Content */,
			);
			name = "Embed Watch Content";
			runOnlyForDeploymentPostprocessing = 0;
		};
		AD3000040000000000000004 /* Embed App Extensions */ = {
			isa = PBXCopyFilesBuildPhase;
			buildActionMask = 2147483647;
			dstPath = "";
			dstSubfolderSpec = 13;
			files = (
				AD1000060000000000000006 /* BremLogicMacWidget.appex in Embed App Extensions */,
			);
			name = "Embed App Extensions";
			runOnlyForDeploymentPostprocessing = 0;
		};
/* End PBXCopyFilesBuildPhase section */

/* Begin PBXFileReference section */
		AA2000010000000000000001 /* BremBridgeViewController.swift */ = {isa = PBXFileReference; lastKnownFileType = sourcecode.swift; path = BremBridgeViewController.swift; sourceTree = "<group>"; };
		AA2000020000000000000002 /* WidgetSyncPlugin.swift */ = {isa = PBXFileReference; lastKnownFileType = sourcecode.swift; path = WidgetSyncPlugin.swift; sourceTree = "<group>"; };
		AA2000030000000000000003 /* BremLogicWidgetShared.swift */ = {isa = PBXFileReference; lastKnownFileType = sourcecode.swift; path = BremLogicWidgetShared.swift; sourceTree = "<group>"; };
		AA2000040000000000000004 /* BremLogicWidget.appex */ = {isa = PBXFileReference; explicitFileType = "wrapper.app-extension"; includeInIndex = 0; path = BremLogicWidget.appex; sourceTree = BUILT_PRODUCTS_DIR; };
		AA2000050000000000000005 /* BremLogicWidget.swift */ = {isa = PBXFileReference; lastKnownFileType = sourcecode.swift; path = BremLogicWidget.swift; sourceTree = "<group>"; };
		AA2000060000000000000006 /* BremLogicWidgetBundle.swift */ = {isa = PBXFileReference; lastKnownFileType = sourcecode.swift; path = BremLogicWidgetBundle.swift; sourceTree = "<group>"; };
		AA2000070000000000000007 /* BremLogicWidgetExtension.entitlements */ = {isa = PBXFileReference; lastKnownFileType = text.plist.entitlements; path = BremLogicWidgetExtension.entitlements; sourceTree = "<group>"; };
		AA2000080000000000000008 /* Info.plist */ = {isa = PBXFileReference; lastKnownFileType = text.plist.xml; path = Info.plist; sourceTree = "<group>"; };
		AA2000090000000000000009 /* BremLogicLogo.png */ = {isa = PBXFileReference; lastKnownFileType = image.png; path = BremLogicLogo.png; sourceTree = "<group>"; };
		AA2000100000000000000010 /* BremLogicWidgetRefreshIntent.swift */ = {isa = PBXFileReference; lastKnownFileType = sourcecode.swift; path = BremLogicWidgetRefreshIntent.swift; sourceTree = "<group>"; };
		AB2000010000000000000001 /* BremLogicWatch.app */ = {isa = PBXFileReference; explicitFileType = wrapper.application; includeInIndex = 0; path = BremLogicWatch.app; sourceTree = BUILT_PRODUCTS_DIR; };
		AB2000020000000000000002 /* BremLogicWatchWidget.appex */ = {isa = PBXFileReference; explicitFileType = "wrapper.app-extension"; includeInIndex = 0; path = BremLogicWatchWidget.appex; sourceTree = BUILT_PRODUCTS_DIR; };
		AB2000030000000000000003 /* BremLogicWatchApp.swift */ = {isa = PBXFileReference; lastKnownFileType = sourcecode.swift; path = BremLogicWatchApp.swift; sourceTree = "<group>"; };
		AB2000040000000000000004 /* BremLogicWatchContentView.swift */ = {isa = PBXFileReference; lastKnownFileType = sourcecode.swift; path = BremLogicWatchContentView.swift; sourceTree = "<group>"; };
		AB2000050000000000000005 /* BremLogicWatchWidgetBundle.swift */ = {isa = PBXFileReference; lastKnownFileType = sourcecode.swift; path = BremLogicWatchWidgetBundle.swift; sourceTree = "<group>"; };
		AB2000060000000000000006 /* BremLogicWatchWidget.swift */ = {isa = PBXFileReference; lastKnownFileType = sourcecode.swift; path = BremLogicWatchWidget.swift; sourceTree = "<group>"; };
		AB2000070000000000000007 /* BremLogicWatchSnapshot.swift */ = {isa = PBXFileReference; lastKnownFileType = sourcecode.swift; path = BremLogicWatchSnapshot.swift; sourceTree = "<group>"; };
		AB2000080000000000000008 /* Info.plist */ = {isa = PBXFileReference; lastKnownFileType = text.plist.xml; path = Info.plist; sourceTree = "<group>"; };
		AB2000090000000000000009 /* Assets.xcassets */ = {isa = PBXFileReference; lastKnownFileType = folder.assetcatalog; path = Assets.xcassets; sourceTree = "<group>"; };
		2FAD9762203C412B000D30F8 /* config.xml */ = {isa = PBXFileReference; lastKnownFileType = text.xml; path = config.xml; sourceTree = "<group>"; };
		4D22ABEF2AF431CB00220026 /* brem_approval.wav */ = {isa = PBXFileReference; lastKnownFileType = audio.wav; path = brem_approval.wav; sourceTree = "<group>"; };
		4D22ABF02AF431CB00220026 /* brem_open.wav */ = {isa = PBXFileReference; lastKnownFileType = audio.wav; path = brem_open.wav; sourceTree = "<group>"; };
		4D22ABF12AF431CB00220026 /* brem_signal.wav */ = {isa = PBXFileReference; lastKnownFileType = audio.wav; path = brem_signal.wav; sourceTree = "<group>"; };
		4D22ABF22AF431CB00220026 /* brem_sl.wav */ = {isa = PBXFileReference; lastKnownFileType = audio.wav; path = brem_sl.wav; sourceTree = "<group>"; };
		4D22ABF32AF431CB00220026 /* brem_tp.wav */ = {isa = PBXFileReference; lastKnownFileType = audio.wav; path = brem_tp.wav; sourceTree = "<group>"; };
		50379B222058CBB4000EE86E /* capacitor.config.json */ = {isa = PBXFileReference; fileEncoding = 4; lastKnownFileType = text.json; path = capacitor.config.json; sourceTree = "<group>"; };
		504EC3041FED79650016851F /* BremLogic.app */ = {isa = PBXFileReference; explicitFileType = wrapper.application; includeInIndex = 0; path = BremLogic.app; sourceTree = BUILT_PRODUCTS_DIR; };
		504EC3071FED79650016851F /* AppDelegate.swift */ = {isa = PBXFileReference; lastKnownFileType = sourcecode.swift; path = AppDelegate.swift; sourceTree = "<group>"; };
		504EC3091FED79650016851F /* BremLogic.entitlements */ = {isa = PBXFileReference; lastKnownFileType = text.plist.entitlements; path = BremLogic.entitlements; sourceTree = "<group>"; };
		AC2000010000000000000001 /* BremLogicMac.app */ = {isa = PBXFileReference; explicitFileType = wrapper.application; includeInIndex = 0; path = BremLogicMac.app; sourceTree = BUILT_PRODUCTS_DIR; };
		AC2000020000000000000002 /* BremLogicMacApp.swift */ = {isa = PBXFileReference; lastKnownFileType = sourcecode.swift; path = BremLogicMacApp.swift; sourceTree = "<group>"; };
		AC2000030000000000000003 /* BremLogicMacContentView.swift */ = {isa = PBXFileReference; lastKnownFileType = sourcecode.swift; path = BremLogicMacContentView.swift; sourceTree = "<group>"; };
		AC2000040000000000000004 /* BremLogicMacWebView.swift */ = {isa = PBXFileReference; lastKnownFileType = sourcecode.swift; path = BremLogicMacWebView.swift; sourceTree = "<group>"; };
		AC2000050000000000000005 /* BremLogicMac.entitlements */ = {isa = PBXFileReference; lastKnownFileType = text.plist.entitlements; path = BremLogicMac.entitlements; sourceTree = "<group>"; };
		AC2000060000000000000006 /* Assets.xcassets */ = {isa = PBXFileReference; lastKnownFileType = folder.assetcatalog; path = Assets.xcassets; sourceTree = "<group>"; };
		AD2000010000000000000001 /* BremLogicMacWidget.appex */ = {isa = PBXFileReference; explicitFileType = "wrapper.app-extension"; includeInIndex = 0; path = BremLogicMacWidget.appex; sourceTree = BUILT_PRODUCTS_DIR; };
		AD2000020000000000000002 /* BremLogicMacWidget.swift */ = {isa = PBXFileReference; lastKnownFileType = sourcecode.swift; path = BremLogicMacWidget.swift; sourceTree = "<group>"; };
		AD2000030000000000000003 /* BremLogicMacWidgetBundle.swift */ = {isa = PBXFileReference; lastKnownFileType = sourcecode.swift; path = BremLogicMacWidgetBundle.swift; sourceTree = "<group>"; };
		AD2000040000000000000004 /* BremLogicMacWidgetRefreshIntent.swift */ = {isa = PBXFileReference; lastKnownFileType = sourcecode.swift; path = BremLogicMacWidgetRefreshIntent.swift; sourceTree = "<group>"; };
		AD2000050000000000000005 /* Info.plist */ = {isa = PBXFileReference; lastKnownFileType = text.plist.xml; path = Info.plist; sourceTree = "<group>"; };
		AD2000060000000000000006 /* BremLogicMacWidget.entitlements */ = {isa = PBXFileReference; lastKnownFileType = text.plist.entitlements; path = BremLogicMacWidget.entitlements; sourceTree = "<group>"; };
		504EC30C1FED79650016851F /* Base */ = {isa = PBXFileReference; lastKnownFileType = file.storyboard; name = Base; path = Base.lproj/Main.storyboard; sourceTree = "<group>"; };
		504EC30E1FED79650016851F /* Assets.xcassets */ = {isa = PBXFileReference; lastKnownFileType = folder.assetcatalog; path = Assets.xcassets; sourceTree = "<group>"; };
		504EC3111FED79650016851F /* Base */ = {isa = PBXFileReference; lastKnownFileType = file.storyboard; name = Base; path = Base.lproj/LaunchScreen.storyboard; sourceTree = "<group>"; };
		504EC3131FED79650016851F /* Info.plist */ = {isa = PBXFileReference; lastKnownFileType = text.plist.xml; path = Info.plist; sourceTree = "<group>"; };
		B1E95A120000000000000002 /* PrivacyInfo.xcprivacy */ = {isa = PBXFileReference; lastKnownFileType = text.xml; path = PrivacyInfo.xcprivacy; sourceTree = "<group>"; };
		50B271D01FEDC1A000F3C39B /* public */ = {isa = PBXFileReference; lastKnownFileType = folder; path = public; sourceTree = "<group>"; };
		958DCC722DB07C7200EA8C5F /* debug.xcconfig */ = {isa = PBXFileReference; lastKnownFileType = text.xcconfig; name = debug.xcconfig; path = ../debug.xcconfig; sourceTree = SOURCE_ROOT; };
		958DCC732DB07C7200EA8C5F /* release.xcconfig */ = {isa = PBXFileReference; lastKnownFileType = text.xcconfig; name = release.xcconfig; path = ../release.xcconfig; sourceTree = SOURCE_ROOT; };
/* End PBXFileReference section */

/* Begin PBXFrameworksBuildPhase section */
		504EC3011FED79650016851F /* Frameworks */ = {
			isa = PBXFrameworksBuildPhase;
			buildActionMask = 2147483647;
			files = (
				4D22ABE92AF431CB00220026 /* CapApp-SPM in Frameworks */,
			);
			runOnlyForDeploymentPostprocessing = 0;
		};
		AA3000020000000000000002 /* Frameworks */ = {
			isa = PBXFrameworksBuildPhase;
			buildActionMask = 2147483647;
			files = (
			);
			runOnlyForDeploymentPostprocessing = 0;
		};
		AB3000020000000000000002 /* Frameworks */ = {
			isa = PBXFrameworksBuildPhase;
			buildActionMask = 2147483647;
			files = (
			);
			runOnlyForDeploymentPostprocessing = 0;
		};
		AB3000060000000000000006 /* Frameworks */ = {
			isa = PBXFrameworksBuildPhase;
			buildActionMask = 2147483647;
			files = (
			);
			runOnlyForDeploymentPostprocessing = 0;
		};
		AC3000020000000000000002 /* Frameworks */ = {
			isa = PBXFrameworksBuildPhase;
			buildActionMask = 2147483647;
			files = (
			);
			runOnlyForDeploymentPostprocessing = 0;
		};
		AD3000020000000000000002 /* Frameworks */ = {
			isa = PBXFrameworksBuildPhase;
			buildActionMask = 2147483647;
			files = (
			);
			runOnlyForDeploymentPostprocessing = 0;
		};
/* End PBXFrameworksBuildPhase section */

/* Begin PBXGroup section */
		504EC2FB1FED79650016851F = {
			isa = PBXGroup;
			children = (
				958DCC722DB07C7200EA8C5F /* debug.xcconfig */,
				958DCC732DB07C7200EA8C5F /* release.xcconfig */,
				504EC3061FED79650016851F /* BremLogic */,
				AA4000010000000000000001 /* WidgetShared */,
				AA4000020000000000000002 /* BremLogicWidgetExtension */,
				AB4000010000000000000001 /* BremLogicWatchApp */,
				AB4000020000000000000002 /* BremLogicWatchWidgetExtension */,
				AB4000030000000000000003 /* BremLogicWatchShared */,
				AC4000010000000000000001 /* BremLogicMacApp */,
				AD4000010000000000000001 /* BremLogicMacWidgetExtension */,
				504EC3051FED79650016851F /* Products */,
			);
			sourceTree = "<group>";
		};
		504EC3051FED79650016851F /* Products */ = {
			isa = PBXGroup;
			children = (
				504EC3041FED79650016851F /* BremLogic.app */,
				AA2000040000000000000004 /* BremLogicWidget.appex */,
				AB2000010000000000000001 /* BremLogicWatch.app */,
				AB2000020000000000000002 /* BremLogicWatchWidget.appex */,
				AC2000010000000000000001 /* BremLogicMac.app */,
				AD2000010000000000000001 /* BremLogicMacWidget.appex */,
			);
			name = Products;
			sourceTree = "<group>";
		};
		504EC3061FED79650016851F /* BremLogic */ = {
			isa = PBXGroup;
			children = (
				50379B222058CBB4000EE86E /* capacitor.config.json */,
				504EC3071FED79650016851F /* AppDelegate.swift */,
				AA2000010000000000000001 /* BremBridgeViewController.swift */,
				504EC3091FED79650016851F /* BremLogic.entitlements */,
				AA2000020000000000000002 /* WidgetSyncPlugin.swift */,
				4D22ABEF2AF431CB00220026 /* brem_approval.wav */,
				4D22ABF02AF431CB00220026 /* brem_open.wav */,
				4D22ABF12AF431CB00220026 /* brem_signal.wav */,
				4D22ABF22AF431CB00220026 /* brem_sl.wav */,
				4D22ABF32AF431CB00220026 /* brem_tp.wav */,
				504EC30B1FED79650016851F /* Main.storyboard */,
				504EC30E1FED79650016851F /* Assets.xcassets */,
				504EC3101FED79650016851F /* LaunchScreen.storyboard */,
				504EC3131FED79650016851F /* Info.plist */,
				B1E95A120000000000000002 /* PrivacyInfo.xcprivacy */,
				2FAD9762203C412B000D30F8 /* config.xml */,
				50B271D01FEDC1A000F3C39B /* public */,
			);
			name = BremLogic;
			path = App;
			sourceTree = "<group>";
		};
		AA4000010000000000000001 /* WidgetShared */ = {
			isa = PBXGroup;
			children = (
				AA2000030000000000000003 /* BremLogicWidgetShared.swift */,
			);
			path = WidgetShared;
			sourceTree = "<group>";
		};
		AA4000020000000000000002 /* BremLogicWidgetExtension */ = {
			isa = PBXGroup;
			children = (
				AA2000050000000000000005 /* BremLogicWidget.swift */,
				AA2000060000000000000006 /* BremLogicWidgetBundle.swift */,
				AA2000100000000000000010 /* BremLogicWidgetRefreshIntent.swift */,
				AA2000090000000000000009 /* BremLogicLogo.png */,
				AA2000070000000000000007 /* BremLogicWidgetExtension.entitlements */,
				AA2000080000000000000008 /* Info.plist */,
			);
			path = BremLogicWidgetExtension;
			sourceTree = "<group>";
		};
		AB4000010000000000000001 /* BremLogicWatchApp */ = {
			isa = PBXGroup;
			children = (
				AB2000030000000000000003 /* BremLogicWatchApp.swift */,
				AB2000040000000000000004 /* BremLogicWatchContentView.swift */,
				AB2000090000000000000009 /* Assets.xcassets */,
			);
			path = BremLogicWatchApp;
			sourceTree = "<group>";
		};
		AB4000020000000000000002 /* BremLogicWatchWidgetExtension */ = {
			isa = PBXGroup;
			children = (
				AB2000050000000000000005 /* BremLogicWatchWidgetBundle.swift */,
				AB2000060000000000000006 /* BremLogicWatchWidget.swift */,
				AB2000080000000000000008 /* Info.plist */,
			);
			path = BremLogicWatchWidgetExtension;
			sourceTree = "<group>";
		};
		AB4000030000000000000003 /* BremLogicWatchShared */ = {
			isa = PBXGroup;
			children = (
				AB2000070000000000000007 /* BremLogicWatchSnapshot.swift */,
			);
			path = BremLogicWatchShared;
			sourceTree = "<group>";
		};
		AC4000010000000000000001 /* BremLogicMacApp */ = {
			isa = PBXGroup;
			children = (
				AC2000020000000000000002 /* BremLogicMacApp.swift */,
				AC2000030000000000000003 /* BremLogicMacContentView.swift */,
				AC2000040000000000000004 /* BremLogicMacWebView.swift */,
				AC2000050000000000000005 /* BremLogicMac.entitlements */,
				AC2000060000000000000006 /* Assets.xcassets */,
			);
			path = BremLogicMacApp;
			sourceTree = "<group>";
		};
		AD4000010000000000000001 /* BremLogicMacWidgetExtension */ = {
			isa = PBXGroup;
			children = (
				AD2000020000000000000002 /* BremLogicMacWidget.swift */,
				AD2000030000000000000003 /* BremLogicMacWidgetBundle.swift */,
				AD2000040000000000000004 /* BremLogicMacWidgetRefreshIntent.swift */,
				AD2000060000000000000006 /* BremLogicMacWidget.entitlements */,
				AD2000050000000000000005 /* Info.plist */,
			);
			path = BremLogicMacWidgetExtension;
			sourceTree = "<group>";
		};
/* End PBXGroup section */

/* Begin PBXNativeTarget section */
		504EC3031FED79650016851F /* BremLogic */ = {
			isa = PBXNativeTarget;
			buildConfigurationList = 504EC3161FED79650016851F /* Build configuration list for PBXNativeTarget "BremLogic" */;
			buildPhases = (
				504EC3001FED79650016851F /* Sources */,
				504EC3011FED79650016851F /* Frameworks */,
				504EC3021FED79650016851F /* Resources */,
				AA3000010000000000000001 /* Embed App Extensions */,
				AB3000080000000000000008 /* Embed Watch Content */,
			);
			buildRules = (
			);
			dependencies = (
				AA6000010000000000000001 /* PBXTargetDependency */,
				AB6000010000000000000001 /* PBXTargetDependency */,
			);
			name = BremLogic;
			packageProductDependencies = (
				4D22ABE82AF431CB00220026 /* CapApp-SPM */,
			);
			productName = BremLogic;
			productReference = 504EC3041FED79650016851F /* BremLogic.app */;
			productType = "com.apple.product-type.application";
		};
		AA5000010000000000000001 /* BremLogicWidgetExtension */ = {
			isa = PBXNativeTarget;
			buildConfigurationList = AA8000030000000000000003 /* Build configuration list for PBXNativeTarget "BremLogicWidgetExtension" */;
			buildPhases = (
				AA3000040000000000000004 /* Sources */,
				AA3000020000000000000002 /* Frameworks */,
				AA3000030000000000000003 /* Resources */,
			);
			buildRules = (
			);
			dependencies = (
			);
			name = BremLogicWidgetExtension;
			packageProductDependencies = (
			);
			productName = BremLogicWidgetExtension;
			productReference = AA2000040000000000000004 /* BremLogicWidget.appex */;
			productType = "com.apple.product-type.app-extension";
		};
		AB5000010000000000000001 /* BremLogicWatch */ = {
			isa = PBXNativeTarget;
			buildConfigurationList = AB9000010000000000000001 /* Build configuration list for PBXNativeTarget "BremLogicWatch" */;
			buildPhases = (
				AB3000010000000000000001 /* Sources */,
				AB3000020000000000000002 /* Frameworks */,
				AB3000030000000000000003 /* Resources */,
				AB3000040000000000000004 /* Embed App Extensions */,
			);
			buildRules = (
			);
			dependencies = (
				AB6000020000000000000002 /* PBXTargetDependency */,
			);
			name = BremLogicWatch;
			packageProductDependencies = (
			);
			productName = BremLogicWatch;
			productReference = AB2000010000000000000001 /* BremLogicWatch.app */;
			productType = "com.apple.product-type.application";
		};
		AB5000020000000000000002 /* BremLogicWatchWidgetExtension */ = {
			isa = PBXNativeTarget;
			buildConfigurationList = AB9000020000000000000002 /* Build configuration list for PBXNativeTarget "BremLogicWatchWidgetExtension" */;
			buildPhases = (
				AB3000050000000000000005 /* Sources */,
				AB3000060000000000000006 /* Frameworks */,
				AB3000070000000000000007 /* Resources */,
			);
			buildRules = (
			);
			dependencies = (
			);
			name = BremLogicWatchWidgetExtension;
			packageProductDependencies = (
			);
			productName = BremLogicWatchWidgetExtension;
			productReference = AB2000020000000000000002 /* BremLogicWatchWidget.appex */;
			productType = "com.apple.product-type.app-extension";
		};
		AC5000010000000000000001 /* BremLogicMac */ = {
			isa = PBXNativeTarget;
			buildConfigurationList = AC9000010000000000000001 /* Build configuration list for PBXNativeTarget "BremLogicMac" */;
			buildPhases = (
				AC3000010000000000000001 /* Sources */,
				AC3000020000000000000002 /* Frameworks */,
				AC3000030000000000000003 /* Resources */,
				AD3000040000000000000004 /* Embed App Extensions */,
			);
			buildRules = (
			);
			dependencies = (
				AD6000010000000000000001 /* PBXTargetDependency */,
			);
			name = BremLogicMac;
			packageProductDependencies = (
			);
			productName = BremLogicMac;
			productReference = AC2000010000000000000001 /* BremLogicMac.app */;
			productType = "com.apple.product-type.application";
		};
		AD5000010000000000000001 /* BremLogicMacWidgetExtension */ = {
			isa = PBXNativeTarget;
			buildConfigurationList = AD9000010000000000000001 /* Build configuration list for PBXNativeTarget "BremLogicMacWidgetExtension" */;
			buildPhases = (
				AD3000010000000000000001 /* Sources */,
				AD3000020000000000000002 /* Frameworks */,
				AD3000030000000000000003 /* Resources */,
			);
			buildRules = (
			);
			dependencies = (
			);
			name = BremLogicMacWidgetExtension;
			packageProductDependencies = (
			);
			productName = BremLogicMacWidgetExtension;
			productReference = AD2000010000000000000001 /* BremLogicMacWidget.appex */;
			productType = "com.apple.product-type.app-extension";
		};
/* End PBXNativeTarget section */

/* Begin PBXProject section */
		504EC2FC1FED79650016851F /* Project object */ = {
			isa = PBXProject;
			attributes = {
				LastSwiftUpdateCheck = 0920;
				LastUpgradeCheck = 0920;
				TargetAttributes = {
					504EC3031FED79650016851F = {
						CreatedOnToolsVersion = 9.2;
						LastSwiftMigration = 1100;
					};
					AA5000010000000000000001 = {
						CreatedOnToolsVersion = 16.0;
					};
					AB5000010000000000000001 = {
						CreatedOnToolsVersion = 26.0;
					};
					AB5000020000000000000002 = {
						CreatedOnToolsVersion = 26.0;
					};
					AC5000010000000000000001 = {
						CreatedOnToolsVersion = 26.0;
					};
					AD5000010000000000000001 = {
						CreatedOnToolsVersion = 26.0;
					};
				};
			};
			buildConfigurationList = 504EC2FF1FED79650016851F /* Build configuration list for PBXProject "BremLogic" */;
			compatibilityVersion = "Xcode 8.0";
			developmentRegion = en;
			hasScannedForEncodings = 0;
			knownRegions = (
				en,
				Base,
			);
			mainGroup = 504EC2FB1FED79650016851F;
			packageReferences = (
				D4C12C0A2AAA248700AAC8A2 /* XCLocalSwiftPackageReference "CapApp-SPM" */,
			);
			productRefGroup = 504EC3051FED79650016851F /* Products */;
			projectDirPath = "";
			projectRoot = "";
			targets = (
				504EC3031FED79650016851F /* BremLogic */,
				AA5000010000000000000001 /* BremLogicWidgetExtension */,
				AB5000010000000000000001 /* BremLogicWatch */,
				AB5000020000000000000002 /* BremLogicWatchWidgetExtension */,
				AC5000010000000000000001 /* BremLogicMac */,
				AD5000010000000000000001 /* BremLogicMacWidgetExtension */,
			);
		};
/* End PBXProject section */

/* Begin PBXResourcesBuildPhase section */
		504EC3021FED79650016851F /* Resources */ = {
			isa = PBXResourcesBuildPhase;
			buildActionMask = 2147483647;
			files = (
				4D22ABEA2AF431CB00220026 /* brem_approval.wav in Resources */,
				4D22ABEB2AF431CB00220026 /* brem_open.wav in Resources */,
				4D22ABEC2AF431CB00220026 /* brem_signal.wav in Resources */,
				4D22ABED2AF431CB00220026 /* brem_sl.wav in Resources */,
				4D22ABEE2AF431CB00220026 /* brem_tp.wav in Resources */,
				504EC3121FED79650016851F /* LaunchScreen.storyboard in Resources */,
				50B271D11FEDC1A000F3C39B /* public in Resources */,
				504EC30F1FED79650016851F /* Assets.xcassets in Resources */,
				50379B232058CBB4000EE86E /* capacitor.config.json in Resources */,
				B1E95A120000000000000001 /* PrivacyInfo.xcprivacy in Resources */,
				504EC30D1FED79650016851F /* Main.storyboard in Resources */,
				2FAD9763203C412B000D30F8 /* config.xml in Resources */,
			);
			runOnlyForDeploymentPostprocessing = 0;
		};
		AA3000030000000000000003 /* Resources */ = {
			isa = PBXResourcesBuildPhase;
			buildActionMask = 2147483647;
			files = (
				AA1000080000000000000008 /* BremLogicLogo.png in Resources */,
			);
			runOnlyForDeploymentPostprocessing = 0;
		};
		AB3000030000000000000003 /* Resources */ = {
			isa = PBXResourcesBuildPhase;
			buildActionMask = 2147483647;
			files = (
				AB1000090000000000000009 /* Assets.xcassets in Watch Resources */,
				AB1000100000000000000010 /* BremLogicLogo.png in Watch Resources */,
			);
			runOnlyForDeploymentPostprocessing = 0;
		};
		AB3000070000000000000007 /* Resources */ = {
			isa = PBXResourcesBuildPhase;
			buildActionMask = 2147483647;
			files = (
				AB1000110000000000000011 /* BremLogicLogo.png in Watch Widget Resources */,
			);
			runOnlyForDeploymentPostprocessing = 0;
		};
		AC3000030000000000000003 /* Resources */ = {
			isa = PBXResourcesBuildPhase;
			buildActionMask = 2147483647;
			files = (
				AC1000040000000000000004 /* Assets.xcassets in Resources */,
			);
			runOnlyForDeploymentPostprocessing = 0;
		};
		AD3000030000000000000003 /* Resources */ = {
			isa = PBXResourcesBuildPhase;
			buildActionMask = 2147483647;
			files = (
				AD1000050000000000000005 /* BremLogicLogo.png in Mac Widget Resources */,
			);
			runOnlyForDeploymentPostprocessing = 0;
		};
/* End PBXResourcesBuildPhase section */

/* Begin PBXSourcesBuildPhase section */
		504EC3001FED79650016851F /* Sources */ = {
			isa = PBXSourcesBuildPhase;
			buildActionMask = 2147483647;
			files = (
				AA1000010000000000000001 /* BremBridgeViewController.swift in Sources */,
				AA1000030000000000000003 /* BremLogicWidgetShared.swift in Sources */,
				504EC3081FED79650016851F /* AppDelegate.swift in Sources */,
				AA1000020000000000000002 /* WidgetSyncPlugin.swift in Sources */,
			);
			runOnlyForDeploymentPostprocessing = 0;
		};
		AA3000040000000000000004 /* Sources */ = {
			isa = PBXSourcesBuildPhase;
			buildActionMask = 2147483647;
			files = (
				AA1000070000000000000007 /* BremLogicWidgetShared.swift in Sources */,
				AA1000050000000000000005 /* BremLogicWidget.swift in Sources */,
				AA1000060000000000000006 /* BremLogicWidgetBundle.swift in Sources */,
				AA1000090000000000000010 /* BremLogicWidgetRefreshIntent.swift in Sources */,
			);
			runOnlyForDeploymentPostprocessing = 0;
		};
		AB3000010000000000000001 /* Sources */ = {
			isa = PBXSourcesBuildPhase;
			buildActionMask = 2147483647;
			files = (
				AB1000010000000000000001 /* BremLogicWatchApp.swift in Sources */,
				AB1000020000000000000002 /* BremLogicWatchContentView.swift in Sources */,
				AB1000030000000000000003 /* BremLogicWatchSnapshot.swift in Watch App Sources */,
			);
			runOnlyForDeploymentPostprocessing = 0;
		};
		AB3000050000000000000005 /* Sources */ = {
			isa = PBXSourcesBuildPhase;
			buildActionMask = 2147483647;
			files = (
				AB1000040000000000000004 /* BremLogicWatchWidgetBundle.swift in Sources */,
				AB1000050000000000000005 /* BremLogicWatchWidget.swift in Sources */,
				AB1000060000000000000006 /* BremLogicWatchSnapshot.swift in Widget Sources */,
			);
			runOnlyForDeploymentPostprocessing = 0;
		};
		AC3000010000000000000001 /* Sources */ = {
			isa = PBXSourcesBuildPhase;
			buildActionMask = 2147483647;
			files = (
				AC1000010000000000000001 /* BremLogicMacApp.swift in Sources */,
				AC1000020000000000000002 /* BremLogicMacContentView.swift in Sources */,
				AC1000030000000000000003 /* BremLogicMacWebView.swift in Sources */,
			);
			runOnlyForDeploymentPostprocessing = 0;
		};
		AD3000010000000000000001 /* Sources */ = {
			isa = PBXSourcesBuildPhase;
			buildActionMask = 2147483647;
			files = (
				AD1000010000000000000001 /* BremLogicMacWidget.swift in Sources */,
				AD1000020000000000000002 /* BremLogicMacWidgetBundle.swift in Sources */,
				AD1000030000000000000003 /* BremLogicWidgetShared.swift in Mac Widget Sources */,
				AD1000040000000000000004 /* BremLogicMacWidgetRefreshIntent.swift in Sources */,
			);
			runOnlyForDeploymentPostprocessing = 0;
		};
/* End PBXSourcesBuildPhase section */

/* Begin PBXTargetDependency section */
		AA6000010000000000000001 /* PBXTargetDependency */ = {
			isa = PBXTargetDependency;
			target = AA5000010000000000000001 /* BremLogicWidgetExtension */;
			targetProxy = AA7000010000000000000001 /* PBXContainerItemProxy */;
		};
		AB6000010000000000000001 /* PBXTargetDependency */ = {
			isa = PBXTargetDependency;
			target = AB5000010000000000000001 /* BremLogicWatch */;
			targetProxy = AB7000010000000000000001 /* PBXContainerItemProxy */;
		};
		AB6000020000000000000002 /* PBXTargetDependency */ = {
			isa = PBXTargetDependency;
			target = AB5000020000000000000002 /* BremLogicWatchWidgetExtension */;
			targetProxy = AB7000020000000000000002 /* PBXContainerItemProxy */;
		};
		AD6000010000000000000001 /* PBXTargetDependency */ = {
			isa = PBXTargetDependency;
			target = AD5000010000000000000001 /* BremLogicMacWidgetExtension */;
			targetProxy = AD7000010000000000000001 /* PBXContainerItemProxy */;
		};
/* End PBXTargetDependency section */

/* Begin PBXVariantGroup section */
		504EC30B1FED79650016851F /* Main.storyboard */ = {
			isa = PBXVariantGroup;
			children = (
				504EC30C1FED79650016851F /* Base */,
			);
			name = Main.storyboard;
			sourceTree = "<group>";
		};
		504EC3101FED79650016851F /* LaunchScreen.storyboard */ = {
			isa = PBXVariantGroup;
			children = (
				504EC3111FED79650016851F /* Base */,
			);
			name = LaunchScreen.storyboard;
			sourceTree = "<group>";
		};
/* End PBXVariantGroup section */

/* Begin XCBuildConfiguration section */
		504EC3141FED79650016851F /* Debug */ = {
			isa = XCBuildConfiguration;
			baseConfigurationReference = 958DCC722DB07C7200EA8C5F /* debug.xcconfig */;
			buildSettings = {
				ALWAYS_SEARCH_USER_PATHS = NO;
				CLANG_ANALYZER_NONNULL = YES;
				CLANG_ANALYZER_NUMBER_OBJECT_CONVERSION = YES_AGGRESSIVE;
				CLANG_CXX_LANGUAGE_STANDARD = "gnu++14";
				CLANG_CXX_LIBRARY = "libc++";
				CLANG_ENABLE_MODULES = YES;
				CLANG_ENABLE_OBJC_ARC = YES;
				CLANG_WARN_BLOCK_CAPTURE_AUTORELEASING = YES;
				CLANG_WARN_BOOL_CONVERSION = YES;
				CLANG_WARN_COMMA = YES;
				CLANG_WARN_CONSTANT_CONVERSION = YES;
				CLANG_WARN_DIRECT_OBJC_ISA_USAGE = YES_ERROR;
				CLANG_WARN_DOCUMENTATION_COMMENTS = YES;
				CLANG_WARN_EMPTY_BODY = YES;
				CLANG_WARN_ENUM_CONVERSION = YES;
				CLANG_WARN_INFINITE_RECURSION = YES;
				CLANG_WARN_INT_CONVERSION = YES;
				CLANG_WARN_NON_LITERAL_NULL_CONVERSION = YES;
				CLANG_WARN_OBJC_LITERAL_CONVERSION = YES;
				CLANG_WARN_OBJC_ROOT_CLASS = YES_ERROR;
				CLANG_WARN_RANGE_LOOP_ANALYSIS = YES;
				CLANG_WARN_STRICT_PROTOTYPES = YES;
				CLANG_WARN_SUSPICIOUS_MOVE = YES;
				CLANG_WARN_UNGUARDED_AVAILABILITY = YES_AGGRESSIVE;
				CLANG_WARN_UNREACHABLE_CODE = YES;
				CLANG_WARN__DUPLICATE_METHOD_MATCH = YES;
				CODE_SIGN_IDENTITY = "iPhone Developer";
				COPY_PHASE_STRIP = NO;
				DEBUG_INFORMATION_FORMAT = dwarf;
				ENABLE_STRICT_OBJC_MSGSEND = YES;
				ENABLE_TESTABILITY = YES;
				GCC_C_LANGUAGE_STANDARD = gnu11;
				GCC_DYNAMIC_NO_PIC = NO;
				GCC_NO_COMMON_BLOCKS = YES;
				GCC_OPTIMIZATION_LEVEL = 0;
				GCC_PREPROCESSOR_DEFINITIONS = (
					"DEBUG=1",
					"$(inherited)",
				);
				GCC_WARN_64_TO_32_BIT_CONVERSION = YES;
				GCC_WARN_ABOUT_RETURN_TYPE = YES_ERROR;
				GCC_WARN_UNDECLARED_SELECTOR = YES;
				GCC_WARN_UNINITIALIZED_AUTOS = YES_AGGRESSIVE;
				GCC_WARN_UNUSED_FUNCTION = YES;
				GCC_WARN_UNUSED_VARIABLE = YES;
				IPHONEOS_DEPLOYMENT_TARGET = 15.0;
				MTL_ENABLE_DEBUG_INFO = YES;
				ONLY_ACTIVE_ARCH = YES;
				SDKROOT = iphoneos;
				SWIFT_ACTIVE_COMPILATION_CONDITIONS = DEBUG;
				SWIFT_OPTIMIZATION_LEVEL = "-Onone";
			};
			name = Debug;
		};
		504EC3151FED79650016851F /* Release */ = {
			isa = XCBuildConfiguration;
			buildSettings = {
				ALWAYS_SEARCH_USER_PATHS = NO;
				CLANG_ANALYZER_NONNULL = YES;
				CLANG_ANALYZER_NUMBER_OBJECT_CONVERSION = YES_AGGRESSIVE;
				CLANG_CXX_LANGUAGE_STANDARD = "gnu++14";
				CLANG_CXX_LIBRARY = "libc++";
				CLANG_ENABLE_MODULES = YES;
				CLANG_ENABLE_OBJC_ARC = YES;
				CLANG_WARN_BLOCK_CAPTURE_AUTORELEASING = YES;
				CLANG_WARN_BOOL_CONVERSION = YES;
				CLANG_WARN_COMMA = YES;
				CLANG_WARN_CONSTANT_CONVERSION = YES;
				CLANG_WARN_DIRECT_OBJC_ISA_USAGE = YES_ERROR;
				CLANG_WARN_DOCUMENTATION_COMMENTS = YES;
				CLANG_WARN_EMPTY_BODY = YES;
				CLANG_WARN_ENUM_CONVERSION = YES;
				CLANG_WARN_INFINITE_RECURSION = YES;
				CLANG_WARN_INT_CONVERSION = YES;
				CLANG_WARN_NON_LITERAL_NULL_CONVERSION = YES;
				CLANG_WARN_OBJC_LITERAL_CONVERSION = YES;
				CLANG_WARN_OBJC_ROOT_CLASS = YES_ERROR;
				CLANG_WARN_RANGE_LOOP_ANALYSIS = YES;
				CLANG_WARN_STRICT_PROTOTYPES = YES;
				CLANG_WARN_SUSPICIOUS_MOVE = YES;
				CLANG_WARN_UNGUARDED_AVAILABILITY = YES_AGGRESSIVE;
				CLANG_WARN_UNREACHABLE_CODE = YES;
				CLANG_WARN__DUPLICATE_METHOD_MATCH = YES;
				CODE_SIGN_IDENTITY = "iPhone Developer";
				COPY_PHASE_STRIP = NO;
				DEBUG_INFORMATION_FORMAT = "dwarf-with-dsym";
				ENABLE_NS_ASSERTIONS = NO;
				ENABLE_STRICT_OBJC_MSGSEND = YES;
				GCC_C_LANGUAGE_STANDARD = gnu11;
				GCC_NO_COMMON_BLOCKS = YES;
				GCC_WARN_64_TO_32_BIT_CONVERSION = YES;
				GCC_WARN_ABOUT_RETURN_TYPE = YES_ERROR;
				GCC_WARN_UNDECLARED_SELECTOR = YES;
				GCC_WARN_UNINITIALIZED_AUTOS = YES_AGGRESSIVE;
				GCC_WARN_UNUSED_FUNCTION = YES;
				GCC_WARN_UNUSED_VARIABLE = YES;
				IPHONEOS_DEPLOYMENT_TARGET = 15.0;
				MTL_ENABLE_DEBUG_INFO = NO;
				SDKROOT = iphoneos;
				SWIFT_COMPILATION_MODE = wholemodule;
				SWIFT_OPTIMIZATION_LEVEL = "-O";
				VALIDATE_PRODUCT = YES;
			};
			name = Release;
		};
		504EC3171FED79650016851F /* Debug */ = {
			isa = XCBuildConfiguration;
			baseConfigurationReference = 958DCC722DB07C7200EA8C5F /* debug.xcconfig */;
			buildSettings = {
				ASSETCATALOG_COMPILER_APPICON_NAME = AppIcon;
				CODE_SIGN_ENTITLEMENTS = "$(APP_ENTITLEMENTS)";
				CODE_SIGN_IDENTITY = "Apple Development";
				CODE_SIGN_STYLE = Automatic;
				CURRENT_PROJECT_VERSION = 8;
				DEVELOPMENT_TEAM = 3T59LS48LZ;
				INFOPLIST_FILE = App/Info.plist;
				IPHONEOS_DEPLOYMENT_TARGET = 15.0;
				LD_RUNPATH_SEARCH_PATHS = (
					"$(inherited)",
					"@executable_path/Frameworks",
				);
				MARKETING_VERSION = 1.0;
				OTHER_SWIFT_FLAGS = "$(inherited) \"-D\" \"COCOAPODS\" \"-DDEBUG\"";
				PRODUCT_BUNDLE_IDENTIFIER = com.bremlogic.signalsbot;
				PRODUCT_NAME = "$(TARGET_NAME)";
				PROVISIONING_PROFILE_SPECIFIER = "";
				SWIFT_ACTIVE_COMPILATION_CONDITIONS = DEBUG;
				SWIFT_VERSION = 5.0;
				TARGETED_DEVICE_FAMILY = "1,2";
			};
			name = Debug;
		};
		504EC3181FED79650016851F /* Release */ = {
			isa = XCBuildConfiguration;
			baseConfigurationReference = 958DCC732DB07C7200EA8C5F /* release.xcconfig */;
			buildSettings = {
				ASSETCATALOG_COMPILER_APPICON_NAME = AppIcon;
				CODE_SIGN_ENTITLEMENTS = "$(APP_ENTITLEMENTS)";
				CODE_SIGN_IDENTITY = "Apple Development";
				CODE_SIGN_STYLE = Automatic;
				CURRENT_PROJECT_VERSION = 8;
				DEVELOPMENT_TEAM = 3T59LS48LZ;
				INFOPLIST_FILE = App/Info.plist;
				IPHONEOS_DEPLOYMENT_TARGET = 15.0;
				LD_RUNPATH_SEARCH_PATHS = (
					"$(inherited)",
					"@executable_path/Frameworks",
				);
				MARKETING_VERSION = 1.0;
				PRODUCT_BUNDLE_IDENTIFIER = com.bremlogic.signalsbot;
				PRODUCT_NAME = "$(TARGET_NAME)";
				PROVISIONING_PROFILE_SPECIFIER = "";
				SWIFT_ACTIVE_COMPILATION_CONDITIONS = "";
				SWIFT_VERSION = 5.0;
				TARGETED_DEVICE_FAMILY = "1,2";
			};
			name = Release;
		};
		AA8000010000000000000001 /* Debug */ = {
			isa = XCBuildConfiguration;
			baseConfigurationReference = 958DCC722DB07C7200EA8C5F /* debug.xcconfig */;
			buildSettings = {
				APPLICATION_EXTENSION_API_ONLY = YES;
				CODE_SIGN_ENTITLEMENTS = "$(WIDGET_ENTITLEMENTS)";
				CODE_SIGN_IDENTITY = "Apple Development";
				CODE_SIGN_STYLE = Automatic;
				CURRENT_PROJECT_VERSION = 8;
				DEVELOPMENT_TEAM = 3T59LS48LZ;
				GENERATE_INFOPLIST_FILE = NO;
				INFOPLIST_FILE = BremLogicWidgetExtension/Info.plist;
				IPHONEOS_DEPLOYMENT_TARGET = 17.0;
				LD_RUNPATH_SEARCH_PATHS = (
					"$(inherited)",
					"@executable_path/Frameworks",
					"@executable_path/../../Frameworks",
				);
				MARKETING_VERSION = 1.0;
				PRODUCT_BUNDLE_IDENTIFIER = com.bremlogic.signalsbot.widget;
				PRODUCT_NAME = "$(TARGET_NAME)";
				SKIP_INSTALL = YES;
				SWIFT_ACTIVE_COMPILATION_CONDITIONS = DEBUG;
				SWIFT_VERSION = 5.0;
				TARGETED_DEVICE_FAMILY = "1,2";
			};
			name = Debug;
		};
		AA8000020000000000000002 /* Release */ = {
			isa = XCBuildConfiguration;
			baseConfigurationReference = 958DCC732DB07C7200EA8C5F /* release.xcconfig */;
			buildSettings = {
				APPLICATION_EXTENSION_API_ONLY = YES;
				CODE_SIGN_ENTITLEMENTS = "$(WIDGET_ENTITLEMENTS)";
				CODE_SIGN_IDENTITY = "Apple Development";
				CODE_SIGN_STYLE = Automatic;
				CURRENT_PROJECT_VERSION = 8;
				DEVELOPMENT_TEAM = 3T59LS48LZ;
				GENERATE_INFOPLIST_FILE = NO;
				INFOPLIST_FILE = BremLogicWidgetExtension/Info.plist;
				IPHONEOS_DEPLOYMENT_TARGET = 17.0;
				LD_RUNPATH_SEARCH_PATHS = (
					"$(inherited)",
					"@executable_path/Frameworks",
					"@executable_path/../../Frameworks",
				);
				MARKETING_VERSION = 1.0;
				PRODUCT_BUNDLE_IDENTIFIER = com.bremlogic.signalsbot.widget;
				PRODUCT_NAME = "$(TARGET_NAME)";
				SKIP_INSTALL = YES;
				SWIFT_ACTIVE_COMPILATION_CONDITIONS = "";
				SWIFT_VERSION = 5.0;
				TARGETED_DEVICE_FAMILY = "1,2";
			};
			name = Release;
		};
		AB8000010000000000000001 /* Debug */ = {
			isa = XCBuildConfiguration;
			buildSettings = {
				ASSETCATALOG_COMPILER_APPICON_NAME = AppIcon;
				CODE_SIGN_IDENTITY = "Apple Development";
				CODE_SIGN_STYLE = Automatic;
				CURRENT_PROJECT_VERSION = 8;
				DEVELOPMENT_TEAM = 3T59LS48LZ;
				ENABLE_DEBUG_DYLIB = NO;
				GENERATE_INFOPLIST_FILE = YES;
				INFOPLIST_KEY_CFBundleDisplayName = BremLogic;
				INFOPLIST_KEY_WKApplication = YES;
				INFOPLIST_KEY_WKCompanionAppBundleIdentifier = com.bremlogic.signalsbot;
				INFOPLIST_KEY_WKRunsIndependentlyOfCompanionApp = YES;
				MARKETING_VERSION = 1.0;
				PRODUCT_BUNDLE_IDENTIFIER = com.bremlogic.signalsbot.watchapp;
				PRODUCT_NAME = "$(TARGET_NAME)";
				SDKROOT = watchos;
				SKIP_INSTALL = YES;
				SUPPORTED_PLATFORMS = "watchos watchsimulator";
				SWIFT_ACTIVE_COMPILATION_CONDITIONS = DEBUG;
				SWIFT_VERSION = 5.0;
				TARGETED_DEVICE_FAMILY = 4;
				WATCHOS_DEPLOYMENT_TARGET = 10.0;
			};
			name = Debug;
		};
		AB8000020000000000000002 /* Release */ = {
			isa = XCBuildConfiguration;
			buildSettings = {
				ASSETCATALOG_COMPILER_APPICON_NAME = AppIcon;
				CODE_SIGN_IDENTITY = "Apple Development";
				CODE_SIGN_STYLE = Automatic;
				CURRENT_PROJECT_VERSION = 8;
				DEVELOPMENT_TEAM = 3T59LS48LZ;
				GENERATE_INFOPLIST_FILE = YES;
				INFOPLIST_KEY_CFBundleDisplayName = BremLogic;
				INFOPLIST_KEY_WKApplication = YES;
				INFOPLIST_KEY_WKCompanionAppBundleIdentifier = com.bremlogic.signalsbot;
				INFOPLIST_KEY_WKRunsIndependentlyOfCompanionApp = YES;
				MARKETING_VERSION = 1.0;
				PRODUCT_BUNDLE_IDENTIFIER = com.bremlogic.signalsbot.watchapp;
				PRODUCT_NAME = "$(TARGET_NAME)";
				SDKROOT = watchos;
				SKIP_INSTALL = YES;
				SUPPORTED_PLATFORMS = "watchos watchsimulator";
				SWIFT_VERSION = 5.0;
				TARGETED_DEVICE_FAMILY = 4;
				WATCHOS_DEPLOYMENT_TARGET = 10.0;
			};
			name = Release;
		};
		AB8000030000000000000003 /* Debug */ = {
			isa = XCBuildConfiguration;
			buildSettings = {
				APPLICATION_EXTENSION_API_ONLY = YES;
				CODE_SIGN_IDENTITY = "Apple Development";
				CODE_SIGN_STYLE = Automatic;
				CURRENT_PROJECT_VERSION = 8;
				DEVELOPMENT_TEAM = 3T59LS48LZ;
				ENABLE_DEBUG_DYLIB = NO;
				GENERATE_INFOPLIST_FILE = NO;
				INFOPLIST_FILE = BremLogicWatchWidgetExtension/Info.plist;
				LD_RUNPATH_SEARCH_PATHS = (
					"$(inherited)",
					"@executable_path/Frameworks",
					"@executable_path/../../Frameworks",
				);
				MARKETING_VERSION = 1.0;
				PRODUCT_BUNDLE_IDENTIFIER = com.bremlogic.signalsbot.watchapp.widget;
				PRODUCT_NAME = "$(TARGET_NAME)";
				SDKROOT = watchos;
				SKIP_INSTALL = YES;
				SUPPORTED_PLATFORMS = "watchos watchsimulator";
				SWIFT_ACTIVE_COMPILATION_CONDITIONS = DEBUG;
				SWIFT_VERSION = 5.0;
				TARGETED_DEVICE_FAMILY = 4;
				WATCHOS_DEPLOYMENT_TARGET = 10.0;
			};
			name = Debug;
		};
		AB8000040000000000000004 /* Release */ = {
			isa = XCBuildConfiguration;
			buildSettings = {
				APPLICATION_EXTENSION_API_ONLY = YES;
				CODE_SIGN_IDENTITY = "Apple Development";
				CODE_SIGN_STYLE = Automatic;
				CURRENT_PROJECT_VERSION = 8;
				DEVELOPMENT_TEAM = 3T59LS48LZ;
				GENERATE_INFOPLIST_FILE = NO;
				INFOPLIST_FILE = BremLogicWatchWidgetExtension/Info.plist;
				LD_RUNPATH_SEARCH_PATHS = (
					"$(inherited)",
					"@executable_path/Frameworks",
					"@executable_path/../../Frameworks",
				);
				MARKETING_VERSION = 1.0;
				PRODUCT_BUNDLE_IDENTIFIER = com.bremlogic.signalsbot.watchapp.widget;
				PRODUCT_NAME = "$(TARGET_NAME)";
				SDKROOT = watchos;
				SKIP_INSTALL = YES;
				SUPPORTED_PLATFORMS = "watchos watchsimulator";
				SWIFT_VERSION = 5.0;
				TARGETED_DEVICE_FAMILY = 4;
				WATCHOS_DEPLOYMENT_TARGET = 10.0;
			};
			name = Release;
		};
		AC8000010000000000000001 /* Debug */ = {
			isa = XCBuildConfiguration;
			buildSettings = {
				ASSETCATALOG_COMPILER_APPICON_NAME = AppIcon;
				CODE_SIGN_ENTITLEMENTS = BremLogicMacApp/BremLogicMac.entitlements;
				CODE_SIGN_IDENTITY = "Apple Development";
				CODE_SIGN_STYLE = Automatic;
				CURRENT_PROJECT_VERSION = 5;
				DEVELOPMENT_TEAM = 3T59LS48LZ;
				ENABLE_HARDENED_RUNTIME = YES;
				GENERATE_INFOPLIST_FILE = YES;
				INFOPLIST_KEY_CFBundleDisplayName = BremLogic;
				INFOPLIST_KEY_LSApplicationCategoryType = "public.app-category.finance";
				LD_RUNPATH_SEARCH_PATHS = (
					"$(inherited)",
					"@executable_path/../Frameworks",
				);
				MACOSX_DEPLOYMENT_TARGET = 13.0;
				MARKETING_VERSION = 1.0;
				PRODUCT_BUNDLE_IDENTIFIER = com.bremlogic.signalsbot.macos;
				PRODUCT_NAME = BremLogic;
				SDKROOT = macosx;
				SWIFT_ACTIVE_COMPILATION_CONDITIONS = DEBUG;
				SWIFT_EMIT_LOC_STRINGS = YES;
				SWIFT_VERSION = 5.0;
			};
			name = Debug;
		};
		AC8000020000000000000002 /* Release */ = {
			isa = XCBuildConfiguration;
			buildSettings = {
				ASSETCATALOG_COMPILER_APPICON_NAME = AppIcon;
				CODE_SIGN_ENTITLEMENTS = BremLogicMacApp/BremLogicMac.entitlements;
				CODE_SIGN_IDENTITY = "Apple Development";
				CODE_SIGN_STYLE = Automatic;
				CURRENT_PROJECT_VERSION = 5;
				DEVELOPMENT_TEAM = 3T59LS48LZ;
				ENABLE_HARDENED_RUNTIME = YES;
				GENERATE_INFOPLIST_FILE = YES;
				INFOPLIST_KEY_CFBundleDisplayName = BremLogic;
				INFOPLIST_KEY_LSApplicationCategoryType = "public.app-category.finance";
				LD_RUNPATH_SEARCH_PATHS = (
					"$(inherited)",
					"@executable_path/../Frameworks",
				);
				MACOSX_DEPLOYMENT_TARGET = 13.0;
				MARKETING_VERSION = 1.0;
				PRODUCT_BUNDLE_IDENTIFIER = com.bremlogic.signalsbot.macos;
				PRODUCT_NAME = BremLogic;
				SDKROOT = macosx;
				SWIFT_COMPILATION_MODE = wholemodule;
				SWIFT_EMIT_LOC_STRINGS = YES;
				SWIFT_VERSION = 5.0;
			};
			name = Release;
		};
		AD8000010000000000000001 /* Debug */ = {
			isa = XCBuildConfiguration;
			buildSettings = {
				APPLICATION_EXTENSION_API_ONLY = YES;
				CODE_SIGN_ENTITLEMENTS = BremLogicMacWidgetExtension/BremLogicMacWidget.entitlements;
				CODE_SIGN_IDENTITY = "Apple Development";
				CODE_SIGN_STYLE = Automatic;
				CURRENT_PROJECT_VERSION = 5;
				DEVELOPMENT_TEAM = 3T59LS48LZ;
				GENERATE_INFOPLIST_FILE = NO;
				INFOPLIST_FILE = BremLogicMacWidgetExtension/Info.plist;
				LD_RUNPATH_SEARCH_PATHS = (
					"$(inherited)",
					"@executable_path/../Frameworks",
					"@executable_path/../../../../Frameworks",
				);
				MACOSX_DEPLOYMENT_TARGET = 14.0;
				MARKETING_VERSION = 1.0;
				PRODUCT_BUNDLE_IDENTIFIER = com.bremlogic.signalsbot.macos.widget.hourly;
				PRODUCT_NAME = BremLogicMacWidget;
				SDKROOT = macosx;
				SKIP_INSTALL = YES;
				SWIFT_ACTIVE_COMPILATION_CONDITIONS = DEBUG;
				SWIFT_VERSION = 5.0;
			};
			name = Debug;
		};
		AD8000020000000000000002 /* Release */ = {
			isa = XCBuildConfiguration;
			buildSettings = {
				APPLICATION_EXTENSION_API_ONLY = YES;
				CODE_SIGN_ENTITLEMENTS = BremLogicMacWidgetExtension/BremLogicMacWidget.entitlements;
				CODE_SIGN_IDENTITY = "Apple Development";
				CODE_SIGN_STYLE = Automatic;
				CURRENT_PROJECT_VERSION = 5;
				DEVELOPMENT_TEAM = 3T59LS48LZ;
				GENERATE_INFOPLIST_FILE = NO;
				INFOPLIST_FILE = BremLogicMacWidgetExtension/Info.plist;
				LD_RUNPATH_SEARCH_PATHS = (
					"$(inherited)",
					"@executable_path/../Frameworks",
					"@executable_path/../../../../Frameworks",
				);
				MACOSX_DEPLOYMENT_TARGET = 14.0;
				MARKETING_VERSION = 1.0;
				PRODUCT_BUNDLE_IDENTIFIER = com.bremlogic.signalsbot.macos.widget.hourly;
				PRODUCT_NAME = BremLogicMacWidget;
				SDKROOT = macosx;
				SKIP_INSTALL = YES;
				SWIFT_COMPILATION_MODE = wholemodule;
				SWIFT_VERSION = 5.0;
			};
			name = Release;
		};
/* End XCBuildConfiguration section */

/* Begin XCConfigurationList section */
		504EC2FF1FED79650016851F /* Build configuration list for PBXProject "BremLogic" */ = {
			isa = XCConfigurationList;
			buildConfigurations = (
				504EC3141FED79650016851F /* Debug */,
				504EC3151FED79650016851F /* Release */,
			);
			defaultConfigurationIsVisible = 0;
			defaultConfigurationName = Release;
		};
		504EC3161FED79650016851F /* Build configuration list for PBXNativeTarget "BremLogic" */ = {
			isa = XCConfigurationList;
			buildConfigurations = (
				504EC3171FED79650016851F /* Debug */,
				504EC3181FED79650016851F /* Release */,
			);
			defaultConfigurationIsVisible = 0;
			defaultConfigurationName = Release;
		};
		AA8000030000000000000003 /* Build configuration list for PBXNativeTarget "BremLogicWidgetExtension" */ = {
			isa = XCConfigurationList;
			buildConfigurations = (
				AA8000010000000000000001 /* Debug */,
				AA8000020000000000000002 /* Release */,
			);
			defaultConfigurationIsVisible = 0;
			defaultConfigurationName = Release;
		};
		AB9000010000000000000001 /* Build configuration list for PBXNativeTarget "BremLogicWatch" */ = {
			isa = XCConfigurationList;
			buildConfigurations = (
				AB8000010000000000000001 /* Debug */,
				AB8000020000000000000002 /* Release */,
			);
			defaultConfigurationIsVisible = 0;
			defaultConfigurationName = Release;
		};
		AB9000020000000000000002 /* Build configuration list for PBXNativeTarget "BremLogicWatchWidgetExtension" */ = {
			isa = XCConfigurationList;
			buildConfigurations = (
				AB8000030000000000000003 /* Debug */,
				AB8000040000000000000004 /* Release */,
			);
			defaultConfigurationIsVisible = 0;
			defaultConfigurationName = Release;
		};
		AC9000010000000000000001 /* Build configuration list for PBXNativeTarget "BremLogicMac" */ = {
			isa = XCConfigurationList;
			buildConfigurations = (
				AC8000010000000000000001 /* Debug */,
				AC8000020000000000000002 /* Release */,
			);
			defaultConfigurationIsVisible = 0;
			defaultConfigurationName = Release;
		};
		AD9000010000000000000001 /* Build configuration list for PBXNativeTarget "BremLogicMacWidgetExtension" */ = {
			isa = XCConfigurationList;
			buildConfigurations = (
				AD8000010000000000000001 /* Debug */,
				AD8000020000000000000002 /* Release */,
			);
			defaultConfigurationIsVisible = 0;
			defaultConfigurationName = Release;
		};
/* End XCConfigurationList section */

/* Begin XCLocalSwiftPackageReference section */
		D4C12C0A2AAA248700AAC8A2 /* XCLocalSwiftPackageReference "CapApp-SPM" */ = {
			isa = XCLocalSwiftPackageReference;
			relativePath = "CapApp-SPM";
		};
/* End XCLocalSwiftPackageReference section */

/* Begin XCSwiftPackageProductDependency section */
		4D22ABE82AF431CB00220026 /* CapApp-SPM */ = {
			isa = XCSwiftPackageProductDependency;
			package = D4C12C0A2AAA248700AAC8A2 /* XCLocalSwiftPackageReference "CapApp-SPM" */;
			productName = "CapApp-SPM";
		};
/* End XCSwiftPackageProductDependency section */
	};
	rootObject = 504EC2FC1FED79650016851F /* Project object */;
}
